// !$*UTF8*$!
{
	archiveVersion = 1;
	classes = {
	};
	objectVersion = 50;
	objects = {

/* Begin PBXBuildFile section */
		8E0DEBA221E877CC00A5F02A /* MyOrdersVC.swift in Sources */ = {isa = PBXBuildFile; fileRef = 8E0DEBA121E877CC00A5F02A /* MyOrdersVC.swift */; };
		8E8EEE1321E873B2006205AC /* RestaurantCell.swift in Sources */ = {isa = PBXBuildFile; fileRef = 8E8EEE1221E873B2006205AC /* RestaurantCell.swift */; };
		8EBA796921E860DB00EF2A18 /* AppDelegate.swift in Sources */ = {isa = PBXBuildFile; fileRef = 8EBA796821E860DB00EF2A18 /* AppDelegate.swift */; };
		8EBA796B21E860DB00EF2A18 /* OrderNowVC.swift in Sources */ = {isa = PBXBuildFile; fileRef = 8EBA796A21E860DB00EF2A18 /* OrderNowVC.swift */; };
		8EBA796E21E860DB00EF2A18 /* Main.storyboard in Resources */ = {isa = PBXBuildFile; fileRef = 8EBA796C21E860DB00EF2A18 /* Main.storyboard */; };
		8EBA797121E860DB00EF2A18 /* Cue_Test.xcdatamodeld in Sources */ = {isa = PBXBuildFile; fileRef = 8EBA796F21E860DB00EF2A18 /* Cue_Test.xcdatamodeld */; };
		8EBA797321E860DC00EF2A18 /* Assets.xcassets in Resources */ = {isa = PBXBuildFile; fileRef = 8EBA797221E860DC00EF2A18 /* Assets.xcassets */; };
		8EBA797621E860DC00EF2A18 /* LaunchScreen.storyboard in Resources */ = {isa = PBXBuildFile; fileRef = 8EBA797421E860DC00EF2A18 /* LaunchScreen.storyboard */; };
		8EBA798121E860DC00EF2A18 /* Cue_TestTests.swift in Sources */ = {isa = PBXBuildFile; fileRef = 8EBA798021E860DC00EF2A18 /* Cue_TestTests.swift */; };
		8EBA798C21E860DC00EF2A18 /* Cue_TestUITests.swift in Sources */ = {isa = PBXBuildFile; fileRef = 8EBA798B21E860DC00EF2A18 /* Cue_TestUITests.swift */; };
/* End PBXBuildFile section */

/* Begin PBXContainerItemProxy section */
		8EBA797D21E860DC00EF2A18 /* PBXContainerItemProxy */ = {
			isa = PBXContainerItemProxy;
			containerPortal = 8EBA795D21E860DB00EF2A18 /* Project object */;
			proxyType = 1;
			remoteGlobalIDString = 8EBA796421E860DB00EF2A18;
			remoteInfo = "Cue Test";
		};
		8EBA798821E860DC00EF2A18 /* PBXContainerItemProxy */ = {
			isa = PBXContainerItemProxy;
			containerPortal = 8EBA795D21E860DB00EF2A18 /* Project object */;
			proxyType = 1;
			remoteGlobalIDString = 8EBA796421E860DB00EF2A18;
			remoteInfo = "Cue Test";
		};
/* End PBXContainerItemProxy section */

/* Begin PBXFileReference section */
		8E0DEBA121E877CC00A5F02A /* MyOrdersVC.swift */ = {isa = PBXFileReference; lastKnownFileType = sourcecode.swift; path = MyOrdersVC.swift; sourceTree = "<group>"; };
		8E8EEE1221E873B2006205AC /* RestaurantCell.swift */ = {isa = PBXFileReference; lastKnownFileType = sourcecode.swift; name = RestaurantCell.swift; path = ../RestaurantCell.swift; sourceTree = "<group>"; };
		8EBA796521E860DB00EF2A18 /* Cue Test.app */ = {isa = PBXFileReference; explicitFileType = wrapper.application; includeInIndex = 0; path = "Cue Test.app"; sourceTree = BUILT_PRODUCTS_DIR; };
		8EBA796821E860DB00EF2A18 /* AppDelegate.swift */ = {isa = PBXFileReference; lastKnownFileType = sourcecode.swift; path = AppDelegate.swift; sourceTree = "<group>"; };
		8EBA796A21E860DB00EF2A18 /* OrderNowVC.swift */ = {isa = PBXFileReference; lastKnownFileType = sourcecode.swift; path = OrderNowVC.swift; sourceTree = "<group>"; };
		8EBA796D21E860DB00EF2A18 /* Base */ = {isa = PBXFileReference; lastKnownFileType = file.storyboard; name = Base; path = Base.lproj/Main.storyboard; sourceTree = "<group>"; };
		8EBA797021E860DB00EF2A18 /* Cue_Test.xcdatamodel */ = {isa = PBXFileReference; lastKnownFileType = wrapper.xcdatamodel; path = Cue_Test.xcdatamodel; sourceTree = "<group>"; };
		8EBA797221E860DC00EF2A18 /* Assets.xcassets */ = {isa = PBXFileReference; lastKnownFileType = folder.assetcatalog; path = Assets.xcassets; sourceTree = "<group>"; };
		8EBA797521E860DC00EF2A18 /* Base */ = {isa = PBXFileReference; lastKnownFileType = file.storyboard; name = Base; path = Base.lproj/LaunchScreen.storyboard; sourceTree = "<group>"; };
		8EBA797721E860DC00EF2A18 /* Info.plist */ = {isa = PBXFileReference; lastKnownFileType = text.plist.xml; path = Info.plist; sourceTree = "<group>"; };
		8EBA797C21E860DC00EF2A18 /* Cue TestTests.xctest */ = {isa = PBXFileReference; explicitFileType = wrapper.cfbundle; includeInIndex = 0; path = "Cue TestTests.xctest"; sourceTree = BUILT_PRODUCTS_DIR; };
		8EBA798021E860DC00EF2A18 /* Cue_TestTests.swift */ = {isa = PBXFileReference; lastKnownFileType = sourcecode.swift; path = Cue_TestTests.swift; sourceTree = "<group>"; };
		8EBA798221E860DC00EF2A18 /* Info.plist */ = {isa = PBXFileReference; lastKnownFileType = text.plist.xml; path = Info.plist; sourceTree = "<group>"; };
		8EBA798721E860DC00EF2A18 /* Cue TestUITests.xctest */ = {isa = PBXFileReference; explicitFileType = wrapper.cfbundle; includeInIndex = 0; path = "Cue TestUITests.xctest"; sourceTree = BUILT_PRODUCTS_DIR; };
		8EBA798B21E860DC00EF2A18 /* Cue_TestUITests.swift */ = {isa = PBXFileReference; lastKnownFileType = sourcecode.swift; path = Cue_TestUITests.swift; sourceTree = "<group>"; };
		8EBA798D21E860DC00EF2A18 /* Info.plist */ = {isa = PBXFileReference; lastKnownFileType = text.plist.xml; path = Info.plist; sourceTree = "<group>"; };
/* End PBXFileReference section */

/* Begin PBXFrameworksBuildPhase section */
		8EBA796221E860DB00EF2A18 /* Frameworks */ = {
			isa = PBXFrameworksBuildPhase;
			buildActionMask = 2147483647;
			files = (
			);
			runOnlyForDeploymentPostprocessing = 0;
		};
		8EBA797921E860DC00EF2A18 /* Frameworks */ = {
			isa = PBXFrameworksBuildPhase;
			buildActionMask = 2147483647;
			files = (
			);
			runOnlyForDeploymentPostprocessing = 0;
		};
		8EBA798421E860DC00EF2A18 /* Frameworks */ = {
			isa = PBXFrameworksBuildPhase;
			buildActionMask = 2147483647;
			files = (
			);
			runOnlyForDeploymentPostprocessing = 0;
		};
/* End PBXFrameworksBuildPhase section */

/* Begin PBXGroup section */
		8EBA795C21E860DB00EF2A18 = {
			isa = PBXGroup;
			children = (
				8EBA796721E860DB00EF2A18 /* Cue Test */,
				8EBA797F21E860DC00EF2A18 /* Cue TestTests */,
				8EBA798A21E860DC00EF2A18 /* Cue TestUITests */,
				8EBA796621E860DB00EF2A18 /* Products */,
			);
			sourceTree = "<group>";
		};
		8EBA796621E860DB00EF2A18 /* Products */ = {
			isa = PBXGroup;
			children = (
				8EBA796521E860DB00EF2A18 /* Cue Test.app */,
				8EBA797C21E860DC00EF2A18 /* Cue TestTests.xctest */,
				8EBA798721E860DC00EF2A18 /* Cue TestUITests.xctest */,
			);
			name = Products;
			sourceTree = "<group>";
		};
		8EBA796721E860DB00EF2A18 /* Cue Test */ = {
			isa = PBXGroup;
			children = (
				8EBA796821E860DB00EF2A18 /* AppDelegate.swift */,
				8E8EEE1221E873B2006205AC /* RestaurantCell.swift */,
				8EBA796A21E860DB00EF2A18 /* OrderNowVC.swift */,
				8E0DEBA121E877CC00A5F02A /* MyOrdersVC.swift */,
				8EBA796C21E860DB00EF2A18 /* Main.storyboard */,
				8EBA797221E860DC00EF2A18 /* Assets.xcassets */,
				8EBA797421E860DC00EF2A18 /* LaunchScreen.storyboard */,
				8EBA797721E860DC00EF2A18 /* Info.plist */,
				8EBA796F21E860DB00EF2A18 /* Cue_Test.xcdatamodeld */,
			);
			path = "Cue Test";
			sourceTree = "<group>";
		};
		8EBA797F21E860DC00EF2A18 /* Cue TestTests */ = {
			isa = PBXGroup;
			children = (
				8EBA798021E860DC00EF2A18 /* Cue_TestTests.swift */,
				8EBA798221E860DC00EF2A18 /* Info.plist */,
			);
			path = "Cue TestTests";
			sourceTree = "<group>";
		};
		8EBA798A21E860DC00EF2A18 /* Cue TestUITests */ = {
			isa = PBXGroup;
			children = (
				8EBA798B21E860DC00EF2A18 /* Cue_TestUITests.swift */,
				8EBA798D21E860DC00EF2A18 /* Info.plist */,
			);
			path = "Cue TestUITests";
			sourceTree = "<group>";
		};
/* End PBXGroup section */

/* Begin PBXNativeTarget section */
		8EBA796421E860DB00EF2A18 /* Cue Test */ = {
			isa = PBXNativeTarget;
			buildConfigurationList = 8EBA799021E860DD00EF2A18 /* Build configuration list for PBXNativeTarget "Cue Test" */;
			buildPhases = (
				8EBA796121E860DB00EF2A18 /* Sources */,
				8EBA796221E860DB00EF2A18 /* Frameworks */,
				8EBA796321E860DB00EF2A18 /* Resources */,
			);
			buildRules = (
			);
			dependencies = (
			);
			name = "Cue Test";
			productName = "Cue Test";
			productReference = 8EBA796521E860DB00EF2A18 /* Cue Test.app */;
			productType = "com.apple.product-type.application";
		};
		8EBA797B21E860DC00EF2A18 /* Cue TestTests */ = {
			isa = PBXNativeTarget;
			buildConfigurationList = 8EBA799321E860DD00EF2A18 /* Build configuration list for PBXNativeTarget "Cue TestTests" */;
			buildPhases = (
				8EBA797821E860DC00EF2A18 /* Sources */,
				8EBA797921E860DC00EF2A18 /* Frameworks */,
				8EBA797A21E860DC00EF2A18 /* Resources */,
			);
			buildRules = (
			);
			dependencies = (
				8EBA797E21E860DC00EF2A18 /* PBXTargetDependency */,
			);
			name = "Cue TestTests";
			productName = "Cue TestTests";
			productReference = 8EBA797C21E860DC00EF2A18 /* Cue TestTests.xctest */;
			productType = "com.apple.product-type.bundle.unit-test";
		};
		8EBA798621E860DC00EF2A18 /* Cue TestUITests */ = {
			isa = PBXNativeTarget;
			buildConfigurationList = 8EBA799621E860DD00EF2A18 /* Build configuration list for PBXNativeTarget "Cue TestUITests" */;
			buildPhases = (
				8EBA798321E860DC00EF2A18 /* Sources */,
				8EBA798421E860DC00EF2A18 /* Frameworks */,
				8EBA798521E860DC00EF2A18 /* Resources */,
			);
			buildRules = (
			);
			dependencies = (
				8EBA798921E860DC00EF2A18 /* PBXTargetDependency */,
			);
			name = "Cue TestUITests";
			productName = "Cue TestUITests";
			productReference = 8EBA798721E860DC00EF2A18 /* Cue TestUITests.xctest */;
			productType = "com.apple.product-type.bundle.ui-testing";
		};
/* End PBXNativeTarget section */

/* Begin PBXProject section */
		8EBA795D21E860DB00EF2A18 /* Project object */ = {
			isa = PBXProject;
			attributes = {
				LastSwiftUpdateCheck = 1010;
				LastUpgradeCheck = 1010;
				ORGANIZATIONNAME = "Neil Sood";
				TargetAttributes = {
					8EBA796421E860DB00EF2A18 = {
						CreatedOnToolsVersion = 10.1;
					};
					8EBA797B21E860DC00EF2A18 = {
						CreatedOnToolsVersion = 10.1;
						TestTargetID = 8EBA796421E860DB00EF2A18;
					};
					8EBA798621E860DC00EF2A18 = {
						CreatedOnToolsVersion = 10.1;
						TestTargetID = 8EBA796421E860DB00EF2A18;
					};
				};
			};
			buildConfigurationList = 8EBA796021E860DB00EF2A18 /* Build configuration list for PBXProject "Cue Test" */;
			compatibilityVersion = "Xcode 9.3";
			developmentRegion = en;
			hasScannedForEncodings = 0;
			knownRegions = (
				en,
				Base,
			);
			mainGroup = 8EBA795C21E860DB00EF2A18;
			productRefGroup = 8EBA796621E860DB00EF2A18 /* Products */;
			projectDirPath = "";
			projectRoot = "";
			targets = (
				8EBA796421E860DB00EF2A18 /* Cue Test */,
				8EBA797B21E860DC00EF2A18 /* Cue TestTests */,
				8EBA798621E860DC00EF2A18 /* Cue TestUITests */,
			);
		};
/* End PBXProject section */

/* Begin PBXResourcesBuildPhase section */
		8EBA796321E860DB00EF2A18 /* Resources */ = {
			isa = PBXResourcesBuildPhase;
			buildActionMask = 2147483647;
			files = (
				8EBA797621E860DC00EF2A18 /* LaunchScreen.storyboard in Resources */,
				8EBA797321E860DC00EF2A18 /* Assets.xcassets in Resources */,
				8EBA796E21E860DB00EF2A18 /* Main.storyboard in Resources */,
			);
			runOnlyForDeploymentPostprocessing = 0;
		};
		8EBA797A21E860DC00EF2A18 /* Resources */ = {
			isa = PBXResourcesBuildPhase;
			buildActionMask = 2147483647;
			files = (
			);
			runOnlyForDeploymentPostprocessing = 0;
		};
		8EBA798521E860DC00EF2A18 /* Resources */ = {
			isa = PBXResourcesBuildPhase;
			buildActionMask = 2147483647;
			files = (
			);
			runOnlyForDeploymentPostprocessing = 0;
		};
/* End PBXResourcesBuildPhase section */

/* Begin PBXSourcesBuildPhase section */
		8EBA796121E860DB00EF2A18 /* Sources */ = {
			isa = PBXSourcesBuildPhase;
			buildActionMask = 2147483647;
			files = (
				8E8EEE1321E873B2006205AC /* RestaurantCell.swift in Sources */,
				8EBA796B21E860DB00EF2A18 /* OrderNowVC.swift in Sources */,
				8EBA796921E860DB00EF2A18 /* AppDelegate.swift in Sources */,
				8E0DEBA221E877CC00A5F02A /* MyOrdersVC.swift in Sources */,
				8EBA797121E860DB00EF2A18 /* Cue_Test.xcdatamodeld in Sources */,
			);
			runOnlyForDeploymentPostprocessing = 0;
		};
		8EBA797821E860DC00EF2A18 /* Sources */ = {
			isa = PBXSourcesBuildPhase;
			buildActionMask = 2147483647;
			files = (
				8EBA798121E860DC00EF2A18 /* Cue_TestTests.swift in Sources */,
			);
			runOnlyForDeploymentPostprocessing = 0;
		};
		8EBA798321E860DC00EF2A18 /* Sources */ = {
			isa = PBXSourcesBuildPhase;
			buildActionMask = 2147483647;
			files = (
				8EBA798C21E860DC00EF2A18 /* Cue_TestUITests.swift in Sources */,
			);
			runOnlyForDeploymentPostprocessing = 0;
		};
/* End PBXSourcesBuildPhase section */

/* Begin PBXTargetDependency section */
		8EBA797E21E860DC00EF2A18 /* PBXTargetDependency */ = {
			isa = PBXTargetDependency;
			target = 8EBA796421E860DB00EF2A18 /* Cue Test */;
			targetProxy = 8EBA797D21E860DC00EF2A18 /* PBXContainerItemProxy */;
		};
		8EBA798921E860DC00EF2A18 /* PBXTargetDependency */ = {
			isa = PBXTargetDependency;
			target = 8EBA796421E860DB00EF2A18 /* Cue Test */;
			targetProxy = 8EBA798821E860DC00EF2A18 /* PBXContainerItemProxy */;
		};
/* End PBXTargetDependency section */

/* Begin PBXVariantGroup section */
		8EBA796C21E860DB00EF2A18 /* Main.storyboard */ = {
			isa = PBXVariantGroup;
			children = (
				8EBA796D21E860DB00EF2A18 /* Base */,
			);
			name = Main.storyboard;
			sourceTree = "<group>";
		};
		8EBA797421E860DC00EF2A18 /* LaunchScreen.storyboard */ = {
			isa = PBXVariantGroup;
			children = (
				8EBA797521E860DC00EF2A18 /* Base */,
			);
			name = LaunchScreen.storyboard;
			sourceTree = "<group>";
		};
/* End PBXVariantGroup section */

/* Begin XCBuildConfiguration section */
		8EBA798E21E860DD00EF2A18 /* Debug */ = {
			isa = XCBuildConfiguration;
			buildSettings = {
				ALWAYS_SEARCH_USER_PATHS = NO;
				CLANG_ANALYZER_NONNULL = YES;
				CLANG_ANALYZER_NUMBER_OBJECT_CONVERSION = YES_AGGRESSIVE;
				CLANG_CXX_LANGUAGE_STANDARD = "gnu++14";
				CLANG_CXX_LIBRARY = "libc++";
				CLANG_ENABLE_MODULES = YES;
				CLANG_ENABLE_OBJC_ARC = YES;
				CLANG_ENABLE_OBJC_WEAK = YES;
				CLANG_WARN_BLOCK_CAPTURE_AUTORELEASING = YES;
				CLANG_WARN_BOOL_CONVERSION = YES;
				CLANG_WARN_COMMA = YES;
				CLANG_WARN_CONSTANT_CONVERSION = YES;
				CLANG_WARN_DEPRECATED_OBJC_IMPLEMENTATIONS = YES;
				CLANG_WARN_DIRECT_OBJC_ISA_USAGE = YES_ERROR;
				CLANG_WARN_DOCUMENTATION_COMMENTS = YES;
				CLANG_WARN_EMPTY_BODY = YES;
				CLANG_WARN_ENUM_CONVERSION = YES;
				CLANG_WARN_INFINITE_RECURSION = YES;
				CLANG_WARN_INT_CONVERSION = YES;
				CLANG_WARN_NON_LITERAL_NULL_CONVERSION = YES;
				CLANG_WARN_OBJC_IMPLICIT_RETAIN_SELF = YES;
				CLANG_WARN_OBJC_LITERAL_CONVERSION = YES;
				CLANG_WARN_OBJC_ROOT_CLASS = YES_ERROR;
				CLANG_WARN_RANGE_LOOP_ANALYSIS = YES;
				CLANG_WARN_STRICT_PROTOTYPES = YES;
				CLANG_WARN_SUSPICIOUS_MOVE = YES;
				CLANG_WARN_UNGUARDED_AVAILABILITY = YES_AGGRESSIVE;
				CLANG_WARN_UNREACHABLE_CODE = YES;
				CLANG_WARN__DUPLICATE_METHOD_MATCH = YES;
				CODE_SIGN_IDENTITY = "iPhone Developer";
				COPY_PHASE_STRIP = NO;
				DEBUG_INFORMATION_FORMAT = dwarf;
				ENABLE_STRICT_OBJC_MSGSEND = YES;
				ENABLE_TESTABILITY = YES;
				GCC_C_LANGUAGE_STANDARD = gnu11;
				GCC_DYNAMIC_NO_PIC = NO;
				GCC_NO_COMMON_BLOCKS = YES;
				GCC_OPTIMIZATION_LEVEL = 0;
				GCC_PREPROCESSOR_DEFINITIONS = (
					"DEBUG=1",
					"$(inherited)",
				);
				GCC_WARN_64_TO_32_BIT_CONVERSION = YES;
				GCC_WARN_ABOUT_RETURN_TYPE = YES_ERROR;
				GCC_WARN_UNDECLARED_SELECTOR = YES;
				GCC_WARN_UNINITIALIZED_AUTOS = YES_AGGRESSIVE;
				GCC_WARN_UNUSED_FUNCTION = YES;
				GCC_WARN_UNUSED_VARIABLE = YES;
				IPHONEOS_DEPLOYMENT_TARGET = 12.1;
				MTL_ENABLE_DEBUG_INFO = INCLUDE_SOURCE;
				MTL_FAST_MATH = YES;
				ONLY_ACTIVE_ARCH = YES;
				SDKROOT = iphoneos;
				SWIFT_ACTIVE_COMPILATION_CONDITIONS = DEBUG;
				SWIFT_OPTIMIZATION_LEVEL = "-Onone";
			};
			name = Debug;
		};
		8EBA798F21E860DD00EF2A18 /* Release */ = {
			isa = XCBuildConfiguration;
			buildSettings = {
				ALWAYS_SEARCH_USER_PATHS = NO;
				CLANG_ANALYZER_NONNULL = YES;
				CLANG_ANALYZER_NUMBER_OBJECT_CONVERSION = YES_AGGRESSIVE;
				CLANG_CXX_LANGUAGE_STANDARD = "gnu++14";
				CLANG_CXX_LIBRARY = "libc++";
				CLANG_ENABLE_MODULES = YES;
				CLANG_ENABLE_OBJC_ARC = YES;
				CLANG_ENABLE_OBJC_WEAK = YES;
				CLANG_WARN_BLOCK_CAPTURE_AUTORELEASING = YES;
				CLANG_WARN_BOOL_CONVERSION = YES;
				CLANG_WARN_COMMA = YES;
				CLANG_WARN_CONSTANT_CONVERSION = YES;
				CLANG_WARN_DEPRECATED_OBJC_IMPLEMENTATIONS = YES;
				CLANG_WARN_DIRECT_OBJC_ISA_USAGE = YES_ERROR;
				CLANG_WARN_DOCUMENTATION_COMMENTS = YES;
				CLANG_WARN_EMPTY_BODY = YES;
				CLANG_WARN_ENUM_CONVERSION = YES;
				CLANG_WARN_INFINITE_RECURSION = YES;
				CLANG_WARN_INT_CONVERSION = YES;
				CLANG_WARN_NON_LITERAL_NULL_CONVERSION = YES;
				CLANG_WARN_OBJC_IMPLICIT_RETAIN_SELF = YES;
				CLANG_WARN_OBJC_LITERAL_CONVERSION = YES;
				CLANG_WARN_OBJC_ROOT_CLASS = YES_ERROR;
				CLANG_WARN_RANGE_LOOP_ANALYSIS = YES;
				CLANG_WARN_STRICT_PROTOTYPES = YES;
				CLANG_WARN_SUSPICIOUS_MOVE = YES;
				CLANG_WARN_UNGUARDED_AVAILABILITY = YES_AGGRESSIVE;
				CLANG_WARN_UNREACHABLE_CODE = YES;
				CLANG_WARN__DUPLICATE_METHOD_MATCH = YES;
				CODE_SIGN_IDENTITY = "iPhone Developer";
				COPY_PHASE_STRIP = NO;
				DEBUG_INFORMATION_FORMAT = "dwarf-with-dsym";
				ENABLE_NS_ASSERTIONS = NO;
				ENABLE_STRICT_OBJC_MSGSEND = YES;
				GCC_C_LANGUAGE_STANDARD = gnu11;
				GCC_NO_COMMON_BLOCKS = YES;
				GCC_WARN_64_TO_32_BIT_CONVERSION = YES;
				GCC_WARN_ABOUT_RETURN_TYPE = YES_ERROR;
				GCC_WARN_UNDECLARED_SELECTOR = YES;
				GCC_WARN_UNINITIALIZED_AUTOS = YES_AGGRESSIVE;
				GCC_WARN_UNUSED_FUNCTION = YES;
				GCC_WARN_UNUSED_VARIABLE = YES;
				IPHONEOS_DEPLOYMENT_TARGET = 12.1;
				MTL_ENABLE_DEBUG_INFO = NO;
				MTL_FAST_MATH = YES;
				SDKROOT = iphoneos;
				SWIFT_COMPILATION_MODE = wholemodule;
				SWIFT_OPTIMIZATION_LEVEL = "-O";
				VALIDATE_PRODUCT = YES;
			};
			name = Release;
		};
		8EBA799121E860DD00EF2A18 /* Debug */ = {
			isa = XCBuildConfiguration;
			buildSettings = {
				ASSETCATALOG_COMPILER_APPICON_NAME = AppIcon;
				CODE_SIGN_STYLE = Automatic;
				DEVELOPMENT_TEAM = 2K52R4S4JZ;
				INFOPLIST_FILE = "Cue Test/Info.plist";
				LD_RUNPATH_SEARCH_PATHS = (
					"$(inherited)",
					"@executable_path/Frameworks",
				);
				PRODUCT_BUNDLE_IDENTIFIER = "com.neilsood.Cue-Test";
				PRODUCT_NAME = "$(TARGET_NAME)";
				SWIFT_VERSION = 4.2;
				TARGETED_DEVICE_FAMILY = "1,2";
			};
			name = Debug;
		};
		8EBA799221E860DD00EF2A18 /* Release */ = {
			isa = XCBuildConfiguration;
			buildSettings = {
				ASSETCATALOG_COMPILER_APPICON_NAME = AppIcon;
				CODE_SIGN_STYLE = Automatic;
				DEVELOPMENT_TEAM = 2K52R4S4JZ;
				INFOPLIST_FILE = "Cue Test/Info.plist";
				LD_RUNPATH_SEARCH_PATHS = (
					"$(inherited)",
					"@executable_path/Frameworks",
				);
				PRODUCT_BUNDLE_IDENTIFIER = "com.neilsood.Cue-Test";
				PRODUCT_NAME = "$(TARGET_NAME)";
				SWIFT_VERSION = 4.2;
				TARGETED_DEVICE_FAMILY = "1,2";
			};
			name = Release;
		};
		8EBA799421E860DD00EF2A18 /* Debug */ = {
			isa = XCBuildConfiguration;
			buildSettings = {
				ALWAYS_EMBED_SWIFT_STANDARD_LIBRARIES = YES;
				BUNDLE_LOADER = "$(TEST_HOST)";
				CODE_SIGN_STYLE = Automatic;
				DEVELOPMENT_TEAM = 2K52R4S4JZ;
				INFOPLIST_FILE = "Cue TestTests/Info.plist";
				LD_RUNPATH_SEARCH_PATHS = (
					"$(inherited)",
					"@executable_path/Frameworks",
					"@loader_path/Frameworks",
				);
				PRODUCT_BUNDLE_IDENTIFIER = "com.neilsood.Cue-TestTests";
				PRODUCT_NAME = "$(TARGET_NAME)";
				SWIFT_VERSION = 4.2;
				TARGETED_DEVICE_FAMILY = "1,2";
				TEST_HOST = "$(BUILT_PRODUCTS_DIR)/Cue Test.app/Cue Test";
			};
			name = Debug;
		};
		8EBA799521E860DD00EF2A18 /* Release */ = {
			isa = XCBuildConfiguration;
			buildSettings = {
				ALWAYS_EMBED_SWIFT_STANDARD_LIBRARIES = YES;
				BUNDLE_LOADER = "$(TEST_HOST)";
				CODE_SIGN_STYLE = Automatic;
				DEVELOPMENT_TEAM = 2K52R4S4JZ;
				INFOPLIST_FILE = "Cue TestTests/Info.plist";
				LD_RUNPATH_SEARCH_PATHS = (
					"$(inherited)",
					"@executable_path/Frameworks",
					"@loader_path/Frameworks",
				);
				PRODUCT_BUNDLE_IDENTIFIER = "com.neilsood.Cue-TestTests";
				PRODUCT_NAME = "$(TARGET_NAME)";
				SWIFT_VERSION = 4.2;
				TARGETED_DEVICE_FAMILY = "1,2";
				TEST_HOST = "$(BUILT_PRODUCTS_DIR)/Cue Test.app/Cue Test";
			};
			name = Release;
		};
		8EBA799721E860DD00EF2A18 /* Debug */ = {
			isa = XCBuildConfiguration;
			buildSettings = {
				ALWAYS_EMBED_SWIFT_STANDARD_LIBRARIES = YES;
				CODE_SIGN_STYLE = Automatic;
				DEVELOPMENT_TEAM = 2K52R4S4JZ;
				INFOPLIST_FILE = "Cue TestUITests/Info.plist";
				LD_RUNPATH_SEARCH_PATHS = (
					"$(inherited)",
					"@executable_path/Frameworks",
					"@loader_path/Frameworks",
				);
				PRODUCT_BUNDLE_IDENTIFIER = "com.neilsood.Cue-TestUITests";
				PRODUCT_NAME = "$(TARGET_NAME)";
				SWIFT_VERSION = 4.2;
				TARGETED_DEVICE_FAMILY = "1,2";
				TEST_TARGET_NAME = "Cue Test";
			};
			name = Debug;
		};
		8EBA799821E860DD00EF2A18 /* Release */ = {
			isa = XCBuildConfiguration;
			buildSettings = {
				ALWAYS_EMBED_SWIFT_STANDARD_LIBRARIES = YES;
				CODE_SIGN_STYLE = Automatic;
				DEVELOPMENT_TEAM = 2K52R4S4JZ;
				INFOPLIST_FILE = "Cue TestUITests/Info.plist";
				LD_RUNPATH_SEARCH_PATHS = (
					"$(inherited)",
					"@executable_path/Frameworks",
					"@loader_path/Frameworks",
				);
				PRODUCT_BUNDLE_IDENTIFIER = "com.neilsood.Cue-TestUITests";
				PRODUCT_NAME = "$(TARGET_NAME)";
				SWIFT_VERSION = 4.2;
				TARGETED_DEVICE_FAMILY = "1,2";
				TEST_TARGET_NAME = "Cue Test";
			};
			name = Release;
		};
/* End XCBuildConfiguration section */

/* Begin XCConfigurationList section */
		8EBA796021E860DB00EF2A18 /* Build configuration list for PBXProject "Cue Test" */ = {
			isa = XCConfigurationList;
			buildConfigurations = (
				8EBA798E21E860DD00EF2A18 /* Debug */,
				8EBA798F21E860DD00EF2A18 /* Release */,
			);
			defaultConfigurationIsVisible = 0;
			defaultConfigurationName = Release;
		};
		8EBA799021E860DD00EF2A18 /* Build configuration list for PBXNativeTarget "Cue Test" */ = {
			isa = XCConfigurationList;
			buildConfigurations = (
				8EBA799121E860DD00EF2A18 /* Debug */,
				8EBA799221E860DD00EF2A18 /* Release */,
			);
			defaultConfigurationIsVisible = 0;
			defaultConfigurationName = Release;
		};
		8EBA799321E860DD00EF2A18 /* Build configuration list for PBXNativeTarget "Cue TestTests" */ = {
			isa = XCConfigurationList;
			buildConfigurations = (
				8EBA799421E860DD00EF2A18 /* Debug */,
				8EBA799521E860DD00EF2A18 /* Release */,
			);
			defaultConfigurationIsVisible = 0;
			defaultConfigurationName = Release;
		};
		8EBA799621E860DD00EF2A18 /* Build configuration list for PBXNativeTarget "Cue TestUITests" */ = {
			isa = XCConfigurationList;
			buildConfigurations = (
				8EBA799721E860DD00EF2A18 /* Debug */,
				8EBA799821E860DD00EF2A18 /* Release */,
			);
			defaultConfigurationIsVisible = 0;
			defaultConfigurationName = Release;
		};
/* End XCConfigurationList section */

/* Begin XCVersionGroup section */
		8EBA796F21E860DB00EF2A18 /* Cue_Test.xcdatamodeld */ = {
			isa = XCVersionGroup;
			children = (
				8EBA797021E860DB00EF2A18 /* Cue_Test.xcdatamodel */,
			);
			currentVersion = 8EBA797021E860DB00EF2A18 /* Cue_Test.xcdatamodel */;
			path = Cue_Test.xcdatamodeld;
			sourceTree = "<group>";
			versionGroupType = wrapper.xcdatamodel;
		};
/* End XCVersionGroup section */
	};
	rootObject = 8EBA795D21E860DB00EF2A18 /* Project object */;
}
